// !$*UTF8*$!
{
	archiveVersion = 1;
	classes = {
	};
	objectVersion = 50;
	objects = {

/* Begin PBXBuildFile section */
		953AE47B22610F2500017FB3 /* AppDelegate.swift in Sources */ = {isa = PBXBuildFile; fileRef = 953AE47A22610F2500017FB3 /* AppDelegate.swift */; };
		953AE47D22610F2500017FB3 /* ConverterViewController.swift in Sources */ = {isa = PBXBuildFile; fileRef = 953AE47C22610F2500017FB3 /* ConverterViewController.swift */; };
		953AE48022610F2500017FB3 /* Main.storyboard in Resources */ = {isa = PBXBuildFile; fileRef = 953AE47E22610F2500017FB3 /* Main.storyboard */; };
		953AE48222610F4F00017FB3 /* Assets.xcassets in Resources */ = {isa = PBXBuildFile; fileRef = 953AE48122610F4F00017FB3 /* Assets.xcassets */; };
		953AE48522610F4F00017FB3 /* LaunchScreen.storyboard in Resources */ = {isa = PBXBuildFile; fileRef = 953AE48322610F4F00017FB3 /* LaunchScreen.storyboard */; };
		953AE49022610F5200017FB3 /* Conversion_Calculator_UITests.swift in Sources */ = {isa = PBXBuildFile; fileRef = 953AE48F22610F5200017FB3 /* Conversion_Calculator_UITests.swift */; };
		953AE49B22610F5200017FB3 /* Conversion_Calculator_UIUITests.swift in Sources */ = {isa = PBXBuildFile; fileRef = 953AE49A22610F5200017FB3 /* Conversion_Calculator_UIUITests.swift */; };
/* End PBXBuildFile section */

/* Begin PBXContainerItemProxy section */
		953AE48C22610F5200017FB3 /* PBXContainerItemProxy */ = {
			isa = PBXContainerItemProxy;
			containerPortal = 953AE46F22610F2400017FB3 /* Project object */;
			proxyType = 1;
			remoteGlobalIDString = 953AE47622610F2400017FB3;
			remoteInfo = "Conversion Calculator UI";
		};
		953AE49722610F5200017FB3 /* PBXContainerItemProxy */ = {
			isa = PBXContainerItemProxy;
			containerPortal = 953AE46F22610F2400017FB3 /* Project object */;
			proxyType = 1;
			remoteGlobalIDString = 953AE47622610F2400017FB3;
			remoteInfo = "Conversion Calculator UI";
		};
/* End PBXContainerItemProxy section */

/* Begin PBXFileReference section */
		953AE47722610F2400017FB3 /* Conversion Calculator UI.app */ = {isa = PBXFileReference; explicitFileType = wrapper.application; includeInIndex = 0; path = "Conversion Calculator UI.app"; sourceTree = BUILT_PRODUCTS_DIR; };
		953AE47A22610F2500017FB3 /* AppDelegate.swift */ = {isa = PBXFileReference; lastKnownFileType = sourcecode.swift; path = AppDelegate.swift; sourceTree = "<group>"; };
		953AE47C22610F2500017FB3 /* ConverterViewController.swift */ = {isa = PBXFileReference; lastKnownFileType = sourcecode.swift; path = ConverterViewController.swift; sourceTree = "<group>"; };
		953AE47F22610F2500017FB3 /* Base */ = {isa = PBXFileReference; lastKnownFileType = file.storyboard; name = Base; path = Base.lproj/Main.storyboard; sourceTree = "<group>"; };
		953AE48122610F4F00017FB3 /* Assets.xcassets */ = {isa = PBXFileReference; lastKnownFileType = folder.assetcatalog; path = Assets.xcassets; sourceTree = "<group>"; };
		953AE48422610F4F00017FB3 /* Base */ = {isa = PBXFileReference; lastKnownFileType = file.storyboard; name = Base; path = Base.lproj/LaunchScreen.storyboard; sourceTree = "<group>"; };
		953AE48622610F4F00017FB3 /* Info.plist */ = {isa = PBXFileReference; lastKnownFileType = text.plist.xml; path = Info.plist; sourceTree = "<group>"; };
		953AE48B22610F5200017FB3 /* Conversion Calculator UITests.xctest */ = {isa = PBXFileReference; explicitFileType = wrapper.cfbundle; includeInIndex = 0; path = "Conversion Calculator UITests.xctest"; sourceTree = BUILT_PRODUCTS_DIR; };
		953AE48F22610F5200017FB3 /* Conversion_Calculator_UITests.swift */ = {isa = PBXFileReference; lastKnownFileType = sourcecode.swift; path = Conversion_Calculator_UITests.swift; sourceTree = "<group>"; };
		953AE49122610F5200017FB3 /* Info.plist */ = {isa = PBXFileReference; lastKnownFileType = text.plist.xml; path = Info.plist; sourceTree = "<group>"; };
		953AE49622610F5200017FB3 /* Conversion Calculator UIUITests.xctest */ = {isa = PBXFileReference; explicitFileType = wrapper.cfbundle; includeInIndex = 0; path = "Conversion Calculator UIUITests.xctest"; sourceTree = BUILT_PRODUCTS_DIR; };
		953AE49A22610F5200017FB3 /* Conversion_Calculator_UIUITests.swift */ = {isa = PBXFileReference; lastKnownFileType = sourcecode.swift; path = Conversion_Calculator_UIUITests.swift; sourceTree = "<group>"; };
		953AE49C22610F5200017FB3 /* Info.plist */ = {isa = PBXFileReference; lastKnownFileType = text.plist.xml; path = Info.plist; sourceTree = "<group>"; };
/* End PBXFileReference section */

/* Begin PBXFrameworksBuildPhase section */
		953AE47422610F2400017FB3 /* Frameworks */ = {
			isa = PBXFrameworksBuildPhase;
			buildActionMask = 2147483647;
			files = (
			);
			runOnlyForDeploymentPostprocessing = 0;
		};
		953AE48822610F5200017FB3 /* Frameworks */ = {
			isa = PBXFrameworksBuildPhase;
			buildActionMask = 2147483647;
			files = (
			);
			runOnlyForDeploymentPostprocessing = 0;
		};
		953AE49322610F5200017FB3 /* Frameworks */ = {
			isa = PBXFrameworksBuildPhase;
			buildActionMask = 2147483647;
			files = (
			);
			runOnlyForDeploymentPostprocessing = 0;
		};
/* End PBXFrameworksBuildPhase section */

/* Begin PBXGroup section */
		953AE46E22610F2400017FB3 = {
			isa = PBXGroup;
			children = (
				953AE47922610F2400017FB3 /* Conversion Calculator UI */,
				953AE48E22610F5200017FB3 /* Conversion Calculator UITests */,
				953AE49922610F5200017FB3 /* Conversion Calculator UIUITests */,
				953AE47822610F2400017FB3 /* Products */,
			);
			sourceTree = "<group>";
		};
		953AE47822610F2400017FB3 /* Products */ = {
			isa = PBXGroup;
			children = (
				953AE47722610F2400017FB3 /* Conversion Calculator UI.app */,
				953AE48B22610F5200017FB3 /* Conversion Calculator UITests.xctest */,
				953AE49622610F5200017FB3 /* Conversion Calculator UIUITests.xctest */,
			);
			name = Products;
			sourceTree = "<group>";
		};
		953AE47922610F2400017FB3 /* Conversion Calculator UI */ = {
			isa = PBXGroup;
			children = (
				953AE47A22610F2500017FB3 /* AppDelegate.swift */,
				953AE47C22610F2500017FB3 /* ConverterViewController.swift */,
				953AE47E22610F2500017FB3 /* Main.storyboard */,
				953AE48122610F4F00017FB3 /* Assets.xcassets */,
				953AE48322610F4F00017FB3 /* LaunchScreen.storyboard */,
				953AE48622610F4F00017FB3 /* Info.plist */,
			);
			path = "Conversion Calculator UI";
			sourceTree = "<group>";
		};
		953AE48E22610F5200017FB3 /* Conversion Calculator UITests */ = {
			isa = PBXGroup;
			children = (
				953AE48F22610F5200017FB3 /* Conversion_Calculator_UITests.swift */,
				953AE49122610F5200017FB3 /* Info.plist */,
			);
			path = "Conversion Calculator UITests";
			sourceTree = "<group>";
		};
		953AE49922610F5200017FB3 /* Conversion Calculator UIUITests */ = {
			isa = PBXGroup;
			children = (
				953AE49A22610F5200017FB3 /* Conversion_Calculator_UIUITests.swift */,
				953AE49C22610F5200017FB3 /* Info.plist */,
			);
			path = "Conversion Calculator UIUITests";
			sourceTree = "<group>";
		};
/* End PBXGroup section */

/* Begin PBXNativeTarget section */
		953AE47622610F2400017FB3 /* Conversion Calculator UI */ = {
			isa = PBXNativeTarget;
			buildConfigurationList = 953AE49F22610F5200017FB3 /* Build configuration list for PBXNativeTarget "Conversion Calculator UI" */;
			buildPhases = (
				953AE47322610F2400017FB3 /* Sources */,
				953AE47422610F2400017FB3 /* Frameworks */,
				953AE47522610F2400017FB3 /* Resources */,
			);
			buildRules = (
			);
			dependencies = (
			);
			name = "Conversion Calculator UI";
			productName = "Conversion Calculator UI";
			productReference = 953AE47722610F2400017FB3 /* Conversion Calculator UI.app */;
			productType = "com.apple.product-type.application";
		};
		953AE48A22610F5200017FB3 /* Conversion Calculator UITests */ = {
			isa = PBXNativeTarget;
			buildConfigurationList = 953AE4A222610F5200017FB3 /* Build configuration list for PBXNativeTarget "Conversion Calculator UITests" */;
			buildPhases = (
				953AE48722610F5200017FB3 /* Sources */,
				953AE48822610F5200017FB3 /* Frameworks */,
				953AE48922610F5200017FB3 /* Resources */,
			);
			buildRules = (
			);
			dependencies = (
				953AE48D22610F5200017FB3 /* PBXTargetDependency */,
			);
			name = "Conversion Calculator UITests";
			productName = "Conversion Calculator UITests";
			productReference = 953AE48B22610F5200017FB3 /* Conversion Calculator UITests.xctest */;
			productType = "com.apple.product-type.bundle.unit-test";
		};
		953AE49522610F5200017FB3 /* Conversion Calculator UIUITests */ = {
			isa = PBXNativeTarget;
			buildConfigurationList = 953AE4A522610F5200017FB3 /* Build configuration list for PBXNativeTarget "Conversion Calculator UIUITests" */;
			buildPhases = (
				953AE49222610F5200017FB3 /* Sources */,
				953AE49322610F5200017FB3 /* Frameworks */,
				953AE49422610F5200017FB3 /* Resources */,
			);
			buildRules = (
			);
			dependencies = (
				953AE49822610F5200017FB3 /* PBXTargetDependency */,
			);
			name = "Conversion Calculator UIUITests";
			productName = "Conversion Calculator UIUITests";
			productReference = 953AE49622610F5200017FB3 /* Conversion Calculator UIUITests.xctest */;
			productType = "com.apple.product-type.bundle.ui-testing";
		};
/* End PBXNativeTarget section */

/* Begin PBXProject section */
		953AE46F22610F2400017FB3 /* Project object */ = {
			isa = PBXProject;
			attributes = {
				LastSwiftUpdateCheck = 1020;
				LastUpgradeCheck = 1020;
				ORGANIZATIONNAME = "Stelios Fikas";
				TargetAttributes = {
					953AE47622610F2400017FB3 = {
						CreatedOnToolsVersion = 10.2;
					};
					953AE48A22610F5200017FB3 = {
						CreatedOnToolsVersion = 10.2;
						TestTargetID = 953AE47622610F2400017FB3;
					};
					953AE49522610F5200017FB3 = {
						CreatedOnToolsVersion = 10.2;
						TestTargetID = 953AE47622610F2400017FB3;
					};
				};
			};
			buildConfigurationList = 953AE47222610F2400017FB3 /* Build configuration list for PBXProject "Conversion Calculator UI" */;
			compatibilityVersion = "Xcode 9.3";
			developmentRegion = en;
			hasScannedForEncodings = 0;
			knownRegions = (
				en,
				Base,
			);
			mainGroup = 953AE46E22610F2400017FB3;
			productRefGroup = 953AE47822610F2400017FB3 /* Products */;
			projectDirPath = "";
			projectRoot = "";
			targets = (
				953AE47622610F2400017FB3 /* Conversion Calculator UI */,
				953AE48A22610F5200017FB3 /* Conversion Calculator UITests */,
				953AE49522610F5200017FB3 /* Conversion Calculator UIUITests */,
			);
		};
/* End PBXProject section */

/* Begin PBXResourcesBuildPhase section */
		953AE47522610F2400017FB3 /* Resources */ = {
			isa = PBXResourcesBuildPhase;
			buildActionMask = 2147483647;
			files = (
				953AE48522610F4F00017FB3 /* LaunchScreen.storyboard in Resources */,
				953AE48222610F4F00017FB3 /* Assets.xcassets in Resources */,
				953AE48022610F2500017FB3 /* Main.storyboard in Resources */,
			);
			runOnlyForDeploymentPostprocessing = 0;
		};
		953AE48922610F5200017FB3 /* Resources */ = {
			isa = PBXResourcesBuildPhase;
			buildActionMask = 2147483647;
			files = (
			);
			runOnlyForDeploymentPostprocessing = 0;
		};
		953AE49422610F5200017FB3 /* Resources */ = {
			isa = PBXResourcesBuildPhase;
			buildActionMask = 2147483647;
			files = (
			);
			runOnlyForDeploymentPostprocessing = 0;
		};
/* End PBXResourcesBuildPhase section */

/* Begin PBXSourcesBuildPhase section */
		953AE47322610F2400017FB3 /* Sources */ = {
			isa = PBXSourcesBuildPhase;
			buildActionMask = 2147483647;
			files = (
				953AE47D22610F2500017FB3 /* ConverterViewController.swift in Sources */,
				953AE47B22610F2500017FB3 /* AppDelegate.swift in Sources */,
			);
			runOnlyForDeploymentPostprocessing = 0;
		};
		953AE48722610F5200017FB3 /* Sources */ = {
			isa = PBXSourcesBuildPhase;
			buildActionMask = 2147483647;
			files = (
				953AE49022610F5200017FB3 /* Conversion_Calculator_UITests.swift in Sources */,
			);
			runOnlyForDeploymentPostprocessing = 0;
		};
		953AE49222610F5200017FB3 /* Sources */ = {
			isa = PBXSourcesBuildPhase;
			buildActionMask = 2147483647;
			files = (
				953AE49B22610F5200017FB3 /* Conversion_Calculator_UIUITests.swift in Sources */,
			);
			runOnlyForDeploymentPostprocessing = 0;
		};
/* End PBXSourcesBuildPhase section */

/* Begin PBXTargetDependency section */
		953AE48D22610F5200017FB3 /* PBXTargetDependency */ = {
			isa = PBXTargetDependency;
			target = 953AE47622610F2400017FB3 /* Conversion Calculator UI */;
			targetProxy = 953AE48C22610F5200017FB3 /* PBXContainerItemProxy */;
		};
		953AE49822610F5200017FB3 /* PBXTargetDependency */ = {
			isa = PBXTargetDependency;
			target = 953AE47622610F2400017FB3 /* Conversion Calculator UI */;
			targetProxy = 953AE49722610F5200017FB3 /* PBXContainerItemProxy */;
		};
/* End PBXTargetDependency section */

/* Begin PBXVariantGroup section */
		953AE47E22610F2500017FB3 /* Main.storyboard */ = {
			isa = PBXVariantGroup;
			children = (
				953AE47F22610F2500017FB3 /* Base */,
			);
			name = Main.storyboard;
			sourceTree = "<group>";
		};
		953AE48322610F4F00017FB3 /* LaunchScreen.storyboard */ = {
			isa = PBXVariantGroup;
			children = (
				953AE48422610F4F00017FB3 /* Base */,
			);
			name = LaunchScreen.storyboard;
			sourceTree = "<group>";
		};
/* End PBXVariantGroup section */

/* Begin XCBuildConfiguration section */
		953AE49D22610F5200017FB3 /* Debug */ = {
			isa = XCBuildConfiguration;
			buildSettings = {
				ALWAYS_SEARCH_USER_PATHS = NO;
				CLANG_ANALYZER_NONNULL = YES;
				CLANG_ANALYZER_NUMBER_OBJECT_CONVERSION = YES_AGGRESSIVE;
				CLANG_CXX_LANGUAGE_STANDARD = "gnu++14";
				CLANG_CXX_LIBRARY = "libc++";
				CLANG_ENABLE_MODULES = YES;
				CLANG_ENABLE_OBJC_ARC = YES;
				CLANG_ENABLE_OBJC_WEAK = YES;
				CLANG_WARN_BLOCK_CAPTURE_AUTORELEASING = YES;
				CLANG_WARN_BOOL_CONVERSION = YES;
				CLANG_WARN_COMMA = YES;
				CLANG_WARN_CONSTANT_CONVERSION = YES;
				CLANG_WARN_DEPRECATED_OBJC_IMPLEMENTATIONS = YES;
				CLANG_WARN_DIRECT_OBJC_ISA_USAGE = YES_ERROR;
				CLANG_WARN_DOCUMENTATION_COMMENTS = YES;
				CLANG_WARN_EMPTY_BODY = YES;
				CLANG_WARN_ENUM_CONVERSION = YES;
				CLANG_WARN_INFINITE_RECURSION = YES;
				CLANG_WARN_INT_CONVERSION = YES;
				CLANG_WARN_NON_LITERAL_NULL_CONVERSION = YES;
				CLANG_WARN_OBJC_IMPLICIT_RETAIN_SELF = YES;
				CLANG_WARN_OBJC_LITERAL_CONVERSION = YES;
				CLANG_WARN_OBJC_ROOT_CLASS = YES_ERROR;
				CLANG_WARN_RANGE_LOOP_ANALYSIS = YES;
				CLANG_WARN_STRICT_PROTOTYPES = YES;
				CLANG_WARN_SUSPICIOUS_MOVE = YES;
				CLANG_WARN_UNGUARDED_AVAILABILITY = YES_AGGRESSIVE;
				CLANG_WARN_UNREACHABLE_CODE = YES;
				CLANG_WARN__DUPLICATE_METHOD_MATCH = YES;
				CODE_SIGN_IDENTITY = "iPhone Developer";
				COPY_PHASE_STRIP = NO;
				DEBUG_INFORMATION_FORMAT = dwarf;
				ENABLE_STRICT_OBJC_MSGSEND = YES;
				ENABLE_TESTABILITY = YES;
				GCC_C_LANGUAGE_STANDARD = gnu11;
				GCC_DYNAMIC_NO_PIC = NO;
				GCC_NO_COMMON_BLOCKS = YES;
				GCC_OPTIMIZATION_LEVEL = 0;
				GCC_PREPROCESSOR_DEFINITIONS = (
					"DEBUG=1",
					"$(inherited)",
				);
				GCC_WARN_64_TO_32_BIT_CONVERSION = YES;
				GCC_WARN_ABOUT_RETURN_TYPE = YES_ERROR;
				GCC_WARN_UNDECLARED_SELECTOR = YES;
				GCC_WARN_UNINITIALIZED_AUTOS = YES_AGGRESSIVE;
				GCC_WARN_UNUSED_FUNCTION = YES;
				GCC_WARN_UNUSED_VARIABLE = YES;
				IPHONEOS_DEPLOYMENT_TARGET = 12.2;
				MTL_ENABLE_DEBUG_INFO = INCLUDE_SOURCE;
				MTL_FAST_MATH = YES;
				ONLY_ACTIVE_ARCH = YES;
				SDKROOT = iphoneos;
				SWIFT_ACTIVE_COMPILATION_CONDITIONS = DEBUG;
				SWIFT_OPTIMIZATION_LEVEL = "-Onone";
			};
			name = Debug;
		};
		953AE49E22610F5200017FB3 /* Release */ = {
			isa = XCBuildConfiguration;
			buildSettings = {
				ALWAYS_SEARCH_USER_PATHS = NO;
				CLANG_ANALYZER_NONNULL = YES;
				CLANG_ANALYZER_NUMBER_OBJECT_CONVERSION = YES_AGGRESSIVE;
				CLANG_CXX_LANGUAGE_STANDARD = "gnu++14";
				CLANG_CXX_LIBRARY = "libc++";
				CLANG_ENABLE_MODULES = YES;
				CLANG_ENABLE_OBJC_ARC = YES;
				CLANG_ENABLE_OBJC_WEAK = YES;
				CLANG_WARN_BLOCK_CAPTURE_AUTORELEASING = YES;
				CLANG_WARN_BOOL_CONVERSION = YES;
				CLANG_WARN_COMMA = YES;
				CLANG_WARN_CONSTANT_CONVERSION = YES;
				CLANG_WARN_DEPRECATED_OBJC_IMPLEMENTATIONS = YES;
				CLANG_WARN_DIRECT_OBJC_ISA_USAGE = YES_ERROR;
				CLANG_WARN_DOCUMENTATION_COMMENTS = YES;
				CLANG_WARN_EMPTY_BODY = YES;
				CLANG_WARN_ENUM_CONVERSION = YES;
				CLANG_WARN_INFINITE_RECURSION = YES;
				CLANG_WARN_INT_CONVERSION = YES;
				CLANG_WARN_NON_LITERAL_NULL_CONVERSION = YES;
				CLANG_WARN_OBJC_IMPLICIT_RETAIN_SELF = YES;
				CLANG_WARN_OBJC_LITERAL_CONVERSION = YES;
				CLANG_WARN_OBJC_ROOT_CLASS = YES_ERROR;
				CLANG_WARN_RANGE_LOOP_ANALYSIS = YES;
				CLANG_WARN_STRICT_PROTOTYPES = YES;
				CLANG_WARN_SUSPICIOUS_MOVE = YES;
				CLANG_WARN_UNGUARDED_AVAILABILITY = YES_AGGRESSIVE;
				CLANG_WARN_UNREACHABLE_CODE = YES;
				CLANG_WARN__DUPLICATE_METHOD_MATCH = YES;
				CODE_SIGN_IDENTITY = "iPhone Developer";
				COPY_PHASE_STRIP = NO;
				DEBUG_INFORMATION_FORMAT = "dwarf-with-dsym";
				ENABLE_NS_ASSERTIONS = NO;
				ENABLE_STRICT_OBJC_MSGSEND = YES;
				GCC_C_LANGUAGE_STANDARD = gnu11;
				GCC_NO_COMMON_BLOCKS = YES;
				GCC_WARN_64_TO_32_BIT_CONVERSION = YES;
				GCC_WARN_ABOUT_RETURN_TYPE = YES_ERROR;
				GCC_WARN_UNDECLARED_SELECTOR = YES;
				GCC_WARN_UNINITIALIZED_AUTOS = YES_AGGRESSIVE;
				GCC_WARN_UNUSED_FUNCTION = YES;
				GCC_WARN_UNUSED_VARIABLE = YES;
				IPHONEOS_DEPLOYMENT_TARGET = 12.2;
				MTL_ENABLE_DEBUG_INFO = NO;
				MTL_FAST_MATH = YES;
				SDKROOT = iphoneos;
				SWIFT_COMPILATION_MODE = wholemodule;
				SWIFT_OPTIMIZATION_LEVEL = "-O";
				VALIDATE_PRODUCT = YES;
			};
			name = Release;
		};
		953AE4A022610F5200017FB3 /* Debug */ = {
			isa = XCBuildConfiguration;
			buildSettings = {
				ASSETCATALOG_COMPILER_APPICON_NAME = AppIcon;
				CODE_SIGN_STYLE = Automatic;
				DEVELOPMENT_TEAM = H3Y75UYRNM;
				INFOPLIST_FILE = "Conversion Calculator UI/Info.plist";
				LD_RUNPATH_SEARCH_PATHS = (
					"$(inherited)",
					"@executable_path/Frameworks",
				);
				PRODUCT_BUNDLE_IDENTIFIER = "edu.missouri.Conversion-Calculator-UI";
				PRODUCT_NAME = "$(TARGET_NAME)";
				SWIFT_VERSION = 5.0;
				TARGETED_DEVICE_FAMILY = "1,2";
			};
			name = Debug;
		};
		953AE4A122610F5200017FB3 /* Release */ = {
			isa = XCBuildConfiguration;
			buildSettings = {
				ASSETCATALOG_COMPILER_APPICON_NAME = AppIcon;
				CODE_SIGN_STYLE = Automatic;
				DEVELOPMENT_TEAM = H3Y75UYRNM;
				INFOPLIST_FILE = "Conversion Calculator UI/Info.plist";
				LD_RUNPATH_SEARCH_PATHS = (
					"$(inherited)",
					"@executable_path/Frameworks",
				);
				PRODUCT_BUNDLE_IDENTIFIER = "edu.missouri.Conversion-Calculator-UI";
				PRODUCT_NAME = "$(TARGET_NAME)";
				SWIFT_VERSION = 5.0;
				TARGETED_DEVICE_FAMILY = "1,2";
			};
			name = Release;
		};
		953AE4A322610F5200017FB3 /* Debug */ = {
			isa = XCBuildConfiguration;
			buildSettings = {
				ALWAYS_EMBED_SWIFT_STANDARD_LIBRARIES = YES;
				BUNDLE_LOADER = "$(TEST_HOST)";
				CODE_SIGN_STYLE = Automatic;
				DEVELOPMENT_TEAM = H3Y75UYRNM;
				INFOPLIST_FILE = "Conversion Calculator UITests/Info.plist";
				LD_RUNPATH_SEARCH_PATHS = (
					"$(inherited)",
					"@executable_path/Frameworks",
					"@loader_path/Frameworks",
				);
				PRODUCT_BUNDLE_IDENTIFIER = "edu.missouri.Conversion-Calculator-UITests";
				PRODUCT_NAME = "$(TARGET_NAME)";
				SWIFT_VERSION = 5.0;
				TARGETED_DEVICE_FAMILY = "1,2";
				TEST_HOST = "$(BUILT_PRODUCTS_DIR)/Conversion Calculator UI.app/Conversion Calculator UI";
			};
			name = Debug;
		};
		953AE4A422610F5200017FB3 /* Release */ = {
			isa = XCBuildConfiguration;
			buildSettings = {
				ALWAYS_EMBED_SWIFT_STANDARD_LIBRARIES = YES;
				BUNDLE_LOADER = "$(TEST_HOST)";
				CODE_SIGN_STYLE = Automatic;
				DEVELOPMENT_TEAM = H3Y75UYRNM;
				INFOPLIST_FILE = "Conversion Calculator UITests/Info.plist";
				LD_RUNPATH_SEARCH_PATHS = (
					"$(inherited)",
					"@executable_path/Frameworks",
					"@loader_path/Frameworks",
				);
				PRODUCT_BUNDLE_IDENTIFIER = "edu.missouri.Conversion-Calculator-UITests";
				PRODUCT_NAME = "$(TARGET_NAME)";
				SWIFT_VERSION = 5.0;
				TARGETED_DEVICE_FAMILY = "1,2";
				TEST_HOST = "$(BUILT_PRODUCTS_DIR)/Conversion Calculator UI.app/Conversion Calculator UI";
			};
			name = Release;
		};
		953AE4A622610F5200017FB3 /* Debug */ = {
			isa = XCBuildConfiguration;
			buildSettings = {
				ALWAYS_EMBED_SWIFT_STANDARD_LIBRARIES = YES;
				CODE_SIGN_STYLE = Automatic;
				DEVELOPMENT_TEAM = H3Y75UYRNM;
				INFOPLIST_FILE = "Conversion Calculator UIUITests/Info.plist";
				LD_RUNPATH_SEARCH_PATHS = (
					"$(inherited)",
					"@executable_path/Frameworks",
					"@loader_path/Frameworks",
				);
				PRODUCT_BUNDLE_IDENTIFIER = "edu.missouri.Conversion-Calculator-UIUITests";
				PRODUCT_NAME = "$(TARGET_NAME)";
				SWIFT_VERSION = 5.0;
				TARGETED_DEVICE_FAMILY = "1,2";
				TEST_TARGET_NAME = "Conversion Calculator UI";
			};
			name = Debug;
		};
		953AE4A722610F5200017FB3 /* Release */ = {
			isa = XCBuildConfiguration;
			buildSettings = {
				ALWAYS_EMBED_SWIFT_STANDARD_LIBRARIES = YES;
				CODE_SIGN_STYLE = Automatic;
				DEVELOPMENT_TEAM = H3Y75UYRNM;
				INFOPLIST_FILE = "Conversion Calculator UIUITests/Info.plist";
				LD_RUNPATH_SEARCH_PATHS = (
					"$(inherited)",
					"@executable_path/Frameworks",
					"@loader_path/Frameworks",
				);
				PRODUCT_BUNDLE_IDENTIFIER = "edu.missouri.Conversion-Calculator-UIUITests";
				PRODUCT_NAME = "$(TARGET_NAME)";
				SWIFT_VERSION = 5.0;
				TARGETED_DEVICE_FAMILY = "1,2";
				TEST_TARGET_NAME = "Conversion Calculator UI";
			};
			name = Release;
		};
/* End XCBuildConfiguration section */

/* Begin XCConfigurationList section */
		953AE47222610F2400017FB3 /* Build configuration list for PBXProject "Conversion Calculator UI" */ = {
			isa = XCConfigurationList;
			buildConfigurations = (
				953AE49D22610F5200017FB3 /* Debug */,
				953AE49E22610F5200017FB3 /* Release */,
			);
			defaultConfigurationIsVisible = 0;
			defaultConfigurationName = Release;
		};
		953AE49F22610F5200017FB3 /* Build configuration list for PBXNativeTarget "Conversion Calculator UI" */ = {
			isa = XCConfigurationList;
			buildConfigurations = (
				953AE4A022610F5200017FB3 /* Debug */,
				953AE4A122610F5200017FB3 /* Release */,
			);
			defaultConfigurationIsVisible = 0;
			defaultConfigurationName = Release;
		};
		953AE4A222610F5200017FB3 /* Build configuration list for PBXNativeTarget "Conversion Calculator UITests" */ = {
			isa = XCConfigurationList;
			buildConfigurations = (
				953AE4A322610F5200017FB3 /* Debug */,
				953AE4A422610F5200017FB3 /* Release */,
			);
			defaultConfigurationIsVisible = 0;
			defaultConfigurationName = Release;
		};
		953AE4A522610F5200017FB3 /* Build configuration list for PBXNativeTarget "Conversion Calculator UIUITests" */ = {
			isa = XCConfigurationList;
			buildConfigurations = (
				953AE4A622610F5200017FB3 /* Debug */,
				953AE4A722610F5200017FB3 /* Release */,
			);
			defaultConfigurationIsVisible = 0;
			defaultConfigurationName = Release;
		};
/* End XCConfigurationList section */
	};
	rootObject = 953AE46F22610F2400017FB3 /* Project object */;
}
